
Microsoft Visual Studio Solution File, Format Version 12.00
# Visual Studio Version 17
VisualStudioVersion = 17.0.32112.339
MinimumVisualStudioVersion = 10.0.40219.1
Project("{FAE04EC0-301F-11D3-BF4B-00C04F79EFBC}") = "Patterns", "Patterns.csproj", "{E5D93039-78B5-49B9-9573-037A4423C282}"
EndProject
Global
	GlobalSection(SolutionConfigurationPlatforms) = preSolution
		Debug|Any CPU = Debug|Any CPU
		Release|Any CPU = Release|Any CPU
	EndGlobalSection
	GlobalSection(ProjectConfigurationPlatforms) = postSolution
		{E5D93039-78B5-49B9-9573-037A4423C282}.Debug|Any CPU.ActiveCfg = Debug|Any CPU
		{E5D93039-78B5-49B9-9573-037A4423C282}.Debug|Any CPU.Build.0 = Debug|Any CPU
		{E5D93039-78B5-49B9-9573-037A4423C282}.Release|Any CPU.ActiveCfg = Release|Any CPU
		{E5D93039-78B5-49B9-9573-037A4423C282}.Release|Any CPU.Build.0 = Release|Any CPU
	EndGlobalSection
	GlobalSection(SolutionProperties) = preSolution
		HideSolutionNode = FALSE
	EndGlobalSection
	GlobalSection(ExtensibilityGlobals) = postSolution
		SolutionGuid = {FF21B55B-F4D2-43EA-966F-6096FCBFAD73}
	EndGlobalSection
EndGlobal
